
Microsoft Visual Studio Solution File, Format Version 12.00
# Visual Studio Version 17
VisualStudioVersion = 17.4.33110.190
MinimumVisualStudioVersion = 10.0.40219.1
Project("{FAE04EC0-301F-11D3-BF4B-00C04F79EFBC}") = "G2OP1", "G2OP1\G2OP1.csproj", "{46D06D76-35D2-402B-A54A-6B8720817822}"
EndProject
Global
	GlobalSection(SolutionConfigurationPlatforms) = preSolution
		Debug|Any CPU = Debug|Any CPU
		Release|Any CPU = Release|Any CPU
	EndGlobalSection
	GlobalSection(ProjectConfigurationPlatforms) = postSolution
		{46D06D76-35D2-402B-A54A-6B8720817822}.Debug|Any CPU.ActiveCfg = Debug|Any CPU
		{46D06D76-35D2-402B-A54A-6B8720817822}.Debug|Any CPU.Build.0 = Debug|Any CPU
		{46D06D76-35D2-402B-A54A-6B8720817822}.Release|Any CPU.ActiveCfg = Release|Any CPU
		{46D06D76-35D2-402B-A54A-6B8720817822}.Release|Any CPU.Build.0 = Release|Any CPU
	EndGlobalSection
	GlobalSection(SolutionProperties) = preSolution
		HideSolutionNode = FALSE
	EndGlobalSection
	GlobalSection(ExtensibilityGlobals) = postSolution
		SolutionGuid = {ACBFCA78-00D3-4856-955D-9B1266E827FA}
	EndGlobalSection
EndGlobal
